
Microsoft Visual Studio Solution File, Format Version 12.00
# Visual Studio 15
VisualStudioVersion = 15.0.26730.3
MinimumVisualStudioVersion = 10.0.40219.1
Project("{FAE04EC0-301F-11D3-BF4B-00C04F79EFBC}") = "MinimizeRuinProbability", "MinimizeRuinProbability\MinimizeRuinProbability.csproj", "{63B9D2BA-B057-4257-9112-C3EEA1DF62AD}"
EndProject
Global
	GlobalSection(SolutionConfigurationPlatforms) = preSolution
		Debug|Any CPU = Debug|Any CPU
		Release|Any CPU = Release|Any CPU
	EndGlobalSection
	GlobalSection(ProjectConfigurationPlatforms) = postSolution
		{63B9D2BA-B057-4257-9112-C3EEA1DF62AD}.Debug|Any CPU.ActiveCfg = Debug|Any CPU
		{63B9D2BA-B057-4257-9112-C3EEA1DF62AD}.Debug|Any CPU.Build.0 = Debug|Any CPU
		{63B9D2BA-B057-4257-9112-C3EEA1DF62AD}.Release|Any CPU.ActiveCfg = Release|Any CPU
		{63B9D2BA-B057-4257-9112-C3EEA1DF62AD}.Release|Any CPU.Build.0 = Release|Any CPU
	EndGlobalSection
	GlobalSection(SolutionProperties) = preSolution
		HideSolutionNode = FALSE
	EndGlobalSection
	GlobalSection(ExtensibilityGlobals) = postSolution
		SolutionGuid = {38389769-7864-4DF4-AD49-6CD1CD97E678}
	EndGlobalSection
EndGlobal
